// !$*UTF8*$!
{
	archiveVersion = 1;
	classes = {
	};
	objectVersion = 46;
	objects = {

/* Begin PBXBuildFile section */
		18194CAC1B169D94007A3FB0 /* AppKit.framework in Frameworks */ = {isa = PBXBuildFile; fileRef = 18194CAB1B169D94007A3FB0 /* AppKit.framework */; };
		18194CAE1B169D94007A3FB0 /* Foundation.framework in Frameworks */ = {isa = PBXBuildFile; fileRef = 18194CAD1B169D94007A3FB0 /* Foundation.framework */; };
		18194CB31B169D94007A3FB0 /* ATProperty.xcscheme in Resources */ = {isa = PBXBuildFile; fileRef = 18194CB21B169D94007A3FB0 /* ATProperty.xcscheme */; };
		18194CB61B169D94007A3FB0 /* ATProperty.m in Sources */ = {isa = PBXBuildFile; fileRef = 18194CB51B169D94007A3FB0 /* ATProperty.m */; };
		18194CC31B16A122007A3FB0 /* ATTextResult.m in Sources */ = {isa = PBXBuildFile; fileRef = 18194CC21B16A122007A3FB0 /* ATTextResult.m */; };
		18194CC61B16A13E007A3FB0 /* NSTextView+TextGetter.m in Sources */ = {isa = PBXBuildFile; fileRef = 18194CC51B16A13E007A3FB0 /* NSTextView+TextGetter.m */; };
		18B907F41B16F086009033BF /* ATPropertySettingPanelWindowController.m in Sources */ = {isa = PBXBuildFile; fileRef = 18B907F21B16F086009033BF /* ATPropertySettingPanelWindowController.m */; };
		18B907F51B16F086009033BF /* ATPropertySettingPanelWindowController.xib in Resources */ = {isa = PBXBuildFile; fileRef = 18B907F31B16F086009033BF /* ATPropertySettingPanelWindowController.xib */; };
		18BA9DFD1B16A24F00F471AF /* NSString+TextGetter.m in Sources */ = {isa = PBXBuildFile; fileRef = 18BA9DFC1B16A24F00F471AF /* NSString+TextGetter.m */; };
		18BA9E501B16ACB300F471AF /* ATPropertySetting.m in Sources */ = {isa = PBXBuildFile; fileRef = 18BA9E4F1B16ACB300F471AF /* ATPropertySetting.m */; };
/* End PBXBuildFile section */

/* Begin PBXFileReference section */
		18194CA81B169D94007A3FB0 /* ATProperty.xcplugin */ = {isa = PBXFileReference; explicitFileType = wrapper.cfbundle; includeInIndex = 0; path = ATProperty.xcplugin; sourceTree = BUILT_PRODUCTS_DIR; };
		18194CAB1B169D94007A3FB0 /* AppKit.framework */ = {isa = PBXFileReference; lastKnownFileType = wrapper.framework; name = AppKit.framework; path = /System/Library/Frameworks/AppKit.framework; sourceTree = "<absolute>"; };
		18194CAD1B169D94007A3FB0 /* Foundation.framework */ = {isa = PBXFileReference; lastKnownFileType = wrapper.framework; name = Foundation.framework; path = /System/Library/Frameworks/Foundation.framework; sourceTree = "<absolute>"; };
		18194CB11B169D94007A3FB0 /* Info.plist */ = {isa = PBXFileReference; lastKnownFileType = text.plist.xml; path = Info.plist; sourceTree = "<group>"; };
		18194CB21B169D94007A3FB0 /* ATProperty.xcscheme */ = {isa = PBXFileReference; lastKnownFileType = text.xml; name = ATProperty.xcscheme; path = ATProperty.xcodeproj/xcshareddata/xcschemes/ATProperty.xcscheme; sourceTree = SOURCE_ROOT; };
		18194CB41B169D94007A3FB0 /* ATProperty.h */ = {isa = PBXFileReference; lastKnownFileType = sourcecode.c.h; path = ATProperty.h; sourceTree = "<group>"; };
		18194CB51B169D94007A3FB0 /* ATProperty.m */ = {isa = PBXFileReference; lastKnownFileType = sourcecode.c.objc; path = ATProperty.m; sourceTree = "<group>"; };
		18194CC11B16A122007A3FB0 /* ATTextResult.h */ = {isa = PBXFileReference; fileEncoding = 4; lastKnownFileType = sourcecode.c.h; path = ATTextResult.h; sourceTree = "<group>"; };
		18194CC21B16A122007A3FB0 /* ATTextResult.m */ = {isa = PBXFileReference; fileEncoding = 4; lastKnownFileType = sourcecode.c.objc; path = ATTextResult.m; sourceTree = "<group>"; };
		18194CC41B16A13E007A3FB0 /* NSTextView+TextGetter.h */ = {isa = PBXFileReference; fileEncoding = 4; lastKnownFileType = sourcecode.c.h; path = "NSTextView+TextGetter.h"; sourceTree = "<group>"; };
		18194CC51B16A13E007A3FB0 /* NSTextView+TextGetter.m */ = {isa = PBXFileReference; fileEncoding = 4; lastKnownFileType = sourcecode.c.objc; path = "NSTextView+TextGetter.m"; sourceTree = "<group>"; };
		18B907F11B16F086009033BF /* ATPropertySettingPanelWindowController.h */ = {isa = PBXFileReference; fileEncoding = 4; lastKnownFileType = sourcecode.c.h; path = ATPropertySettingPanelWindowController.h; sourceTree = "<group>"; };
		18B907F21B16F086009033BF /* ATPropertySettingPanelWindowController.m */ = {isa = PBXFileReference; fileEncoding = 4; lastKnownFileType = sourcecode.c.objc; path = ATPropertySettingPanelWindowController.m; sourceTree = "<group>"; };
		18B907F31B16F086009033BF /* ATPropertySettingPanelWindowController.xib */ = {isa = PBXFileReference; fileEncoding = 4; lastKnownFileType = file.xib; path = ATPropertySettingPanelWindowController.xib; sourceTree = "<group>"; };
		18BA9DFB1B16A24F00F471AF /* NSString+TextGetter.h */ = {isa = PBXFileReference; fileEncoding = 4; lastKnownFileType = sourcecode.c.h; path = "NSString+TextGetter.h"; sourceTree = "<group>"; };
		18BA9DFC1B16A24F00F471AF /* NSString+TextGetter.m */ = {isa = PBXFileReference; fileEncoding = 4; lastKnownFileType = sourcecode.c.objc; path = "NSString+TextGetter.m"; sourceTree = "<group>"; };
		18BA9E4E1B16ACB300F471AF /* ATPropertySetting.h */ = {isa = PBXFileReference; fileEncoding = 4; lastKnownFileType = sourcecode.c.h; path = ATPropertySetting.h; sourceTree = "<group>"; };
		18BA9E4F1B16ACB300F471AF /* ATPropertySetting.m */ = {isa = PBXFileReference; fileEncoding = 4; lastKnownFileType = sourcecode.c.objc; path = ATPropertySetting.m; sourceTree = "<group>"; };
/* End PBXFileReference section */

/* Begin PBXFrameworksBuildPhase section */
		18194CA61B169D93007A3FB0 /* Frameworks */ = {
			isa = PBXFrameworksBuildPhase;
			buildActionMask = 2147483647;
			files = (
				18194CAC1B169D94007A3FB0 /* AppKit.framework in Frameworks */,
				18194CAE1B169D94007A3FB0 /* Foundation.framework in Frameworks */,
			);
			runOnlyForDeploymentPostprocessing = 0;
		};
/* End PBXFrameworksBuildPhase section */

/* Begin PBXGroup section */
		18194C9F1B169D93007A3FB0 = {
			isa = PBXGroup;
			children = (
				18194CAF1B169D94007A3FB0 /* ATProperty */,
				18194CAA1B169D94007A3FB0 /* Frameworks */,
				18194CA91B169D94007A3FB0 /* Products */,
			);
			sourceTree = "<group>";
		};
		18194CA91B169D94007A3FB0 /* Products */ = {
			isa = PBXGroup;
			children = (
				18194CA81B169D94007A3FB0 /* ATProperty.xcplugin */,
			);
			name = Products;
			sourceTree = "<group>";
		};
		18194CAA1B169D94007A3FB0 /* Frameworks */ = {
			isa = PBXGroup;
			children = (
				18194CAB1B169D94007A3FB0 /* AppKit.framework */,
				18194CAD1B169D94007A3FB0 /* Foundation.framework */,
			);
			name = Frameworks;
			sourceTree = "<group>";
		};
		18194CAF1B169D94007A3FB0 /* ATProperty */ = {
			isa = PBXGroup;
			children = (
				18BA9E4D1B16ACA700F471AF /* Setting */,
				18194CBC1B16A0AE007A3FB0 /* Category */,
				18194CB41B169D94007A3FB0 /* ATProperty.h */,
				18194CB51B169D94007A3FB0 /* ATProperty.m */,
				18194CB01B169D94007A3FB0 /* Supporting Files */,
			);
			path = ATProperty;
			sourceTree = "<group>";
		};
		18194CB01B169D94007A3FB0 /* Supporting Files */ = {
			isa = PBXGroup;
			children = (
				18194CB11B169D94007A3FB0 /* Info.plist */,
				18194CB21B169D94007A3FB0 /* ATProperty.xcscheme */,
			);
			name = "Supporting Files";
			sourceTree = "<group>";
		};
		18194CBC1B16A0AE007A3FB0 /* Category */ = {
			isa = PBXGroup;
			children = (
				18194CC71B16A1EA007A3FB0 /* NSString */,
				18194CC01B16A109007A3FB0 /* NSTextView */,
				18194CC11B16A122007A3FB0 /* ATTextResult.h */,
				18194CC21B16A122007A3FB0 /* ATTextResult.m */,
			);
			path = Category;
			sourceTree = SOURCE_ROOT;
		};
		18194CC01B16A109007A3FB0 /* NSTextView */ = {
			isa = PBXGroup;
			children = (
				18194CC41B16A13E007A3FB0 /* NSTextView+TextGetter.h */,
				18194CC51B16A13E007A3FB0 /* NSTextView+TextGetter.m */,
			);
			path = NSTextView;
			sourceTree = "<group>";
		};
		18194CC71B16A1EA007A3FB0 /* NSString */ = {
			isa = PBXGroup;
			children = (
				18BA9DFB1B16A24F00F471AF /* NSString+TextGetter.h */,
				18BA9DFC1B16A24F00F471AF /* NSString+TextGetter.m */,
			);
			path = NSString;
			sourceTree = "<group>";
		};
		18BA9E4D1B16ACA700F471AF /* Setting */ = {
			isa = PBXGroup;
			children = (
				18BA9E4E1B16ACB300F471AF /* ATPropertySetting.h */,
				18BA9E4F1B16ACB300F471AF /* ATPropertySetting.m */,
				18B907F11B16F086009033BF /* ATPropertySettingPanelWindowController.h */,
				18B907F21B16F086009033BF /* ATPropertySettingPanelWindowController.m */,
				18B907F31B16F086009033BF /* ATPropertySettingPanelWindowController.xib */,
			);
			path = Setting;
			sourceTree = SOURCE_ROOT;
		};
/* End PBXGroup section */

/* Begin PBXNativeTarget section */
		18194CA71B169D93007A3FB0 /* ATProperty */ = {
			isa = PBXNativeTarget;
			buildConfigurationList = 18194CB91B169D94007A3FB0 /* Build configuration list for PBXNativeTarget "ATProperty" */;
			buildPhases = (
				18194CA41B169D93007A3FB0 /* Sources */,
				18194CA51B169D93007A3FB0 /* Resources */,
				18194CA61B169D93007A3FB0 /* Frameworks */,
			);
			buildRules = (
			);
			dependencies = (
			);
			name = ATProperty;
			productName = ATProperty;
			productReference = 18194CA81B169D94007A3FB0 /* ATProperty.xcplugin */;
			productType = "com.apple.product-type.bundle";
		};
/* End PBXNativeTarget section */

/* Begin PBXProject section */
		18194CA01B169D93007A3FB0 /* Project object */ = {
			isa = PBXProject;
			attributes = {
				LastUpgradeCheck = 0630;
				ORGANIZATIONNAME = DeltaX;
				TargetAttributes = {
					18194CA71B169D93007A3FB0 = {
						CreatedOnToolsVersion = 6.3;
					};
				};
			};
			buildConfigurationList = 18194CA31B169D93007A3FB0 /* Build configuration list for PBXProject "ATProperty" */;
			compatibilityVersion = "Xcode 3.2";
			developmentRegion = English;
			hasScannedForEncodings = 0;
			knownRegions = (
				en,
			);
			mainGroup = 18194C9F1B169D93007A3FB0;
			productRefGroup = 18194CA91B169D94007A3FB0 /* Products */;
			projectDirPath = "";
			projectRoot = "";
			targets = (
				18194CA71B169D93007A3FB0 /* ATProperty */,
			);
		};
/* End PBXProject section */

/* Begin PBXResourcesBuildPhase section */
		18194CA51B169D93007A3FB0 /* Resources */ = {
			isa = PBXResourcesBuildPhase;
			buildActionMask = 2147483647;
			files = (
				18194CB31B169D94007A3FB0 /* ATProperty.xcscheme in Resources */,
				18B907F51B16F086009033BF /* ATPropertySettingPanelWindowController.xib in Resources */,
			);
			runOnlyForDeploymentPostprocessing = 0;
		};
/* End PBXResourcesBuildPhase section */

/* Begin PBXSourcesBuildPhase section */
		18194CA41B169D93007A3FB0 /* Sources */ = {
			isa = PBXSourcesBuildPhase;
			buildActionMask = 2147483647;
			files = (
				18BA9E501B16ACB300F471AF /* ATPropertySetting.m in Sources */,
				18B907F41B16F086009033BF /* ATPropertySettingPanelWindowController.m in Sources */,
				18194CB61B169D94007A3FB0 /* ATProperty.m in Sources */,
				18194CC31B16A122007A3FB0 /* ATTextResult.m in Sources */,
				18194CC61B16A13E007A3FB0 /* NSTextView+TextGetter.m in Sources */,
				18BA9DFD1B16A24F00F471AF /* NSString+TextGetter.m in Sources */,
			);
			runOnlyForDeploymentPostprocessing = 0;
		};
/* End PBXSourcesBuildPhase section */

/* Begin XCBuildConfiguration section */
		18194CB71B169D94007A3FB0 /* Debug */ = {
			isa = XCBuildConfiguration;
			buildSettings = {
				ALWAYS_SEARCH_USER_PATHS = NO;
				CLANG_CXX_LANGUAGE_STANDARD = "gnu++0x";
				CLANG_CXX_LIBRARY = "libc++";
				CLANG_ENABLE_MODULES = YES;
				CLANG_ENABLE_OBJC_ARC = YES;
				CLANG_WARN_BOOL_CONVERSION = YES;
				CLANG_WARN_CONSTANT_CONVERSION = YES;
				CLANG_WARN_DIRECT_OBJC_ISA_USAGE = YES_ERROR;
				CLANG_WARN_EMPTY_BODY = YES;
				CLANG_WARN_ENUM_CONVERSION = YES;
				CLANG_WARN_INT_CONVERSION = YES;
				CLANG_WARN_OBJC_ROOT_CLASS = YES_ERROR;
				CLANG_WARN_UNREACHABLE_CODE = YES;
				CLANG_WARN__DUPLICATE_METHOD_MATCH = YES;
				COPY_PHASE_STRIP = NO;
				ENABLE_STRICT_OBJC_MSGSEND = YES;
				GCC_C_LANGUAGE_STANDARD = gnu99;
				GCC_DYNAMIC_NO_PIC = NO;
				GCC_NO_COMMON_BLOCKS = YES;
				GCC_OPTIMIZATION_LEVEL = 0;
				GCC_PREPROCESSOR_DEFINITIONS = (
					"DEBUG=1",
					"$(inherited)",
				);
				GCC_SYMBOLS_PRIVATE_EXTERN = NO;
				GCC_WARN_64_TO_32_BIT_CONVERSION = YES;
				GCC_WARN_ABOUT_RETURN_TYPE = YES_ERROR;
				GCC_WARN_UNDECLARED_SELECTOR = YES;
				GCC_WARN_UNINITIALIZED_AUTOS = YES_AGGRESSIVE;
				GCC_WARN_UNUSED_FUNCTION = YES;
				GCC_WARN_UNUSED_VARIABLE = YES;
				MTL_ENABLE_DEBUG_INFO = YES;
				ONLY_ACTIVE_ARCH = YES;
			};
			name = Debug;
		};
		18194CB81B169D94007A3FB0 /* Release */ = {
			isa = XCBuildConfiguration;
			buildSettings = {
				ALWAYS_SEARCH_USER_PATHS = NO;
				CLANG_CXX_LANGUAGE_STANDARD = "gnu++0x";
				CLANG_CXX_LIBRARY = "libc++";
				CLANG_ENABLE_MODULES = YES;
				CLANG_ENABLE_OBJC_ARC = YES;
				CLANG_WARN_BOOL_CONVERSION = YES;
				CLANG_WARN_CONSTANT_CONVERSION = YES;
				CLANG_WARN_DIRECT_OBJC_ISA_USAGE = YES_ERROR;
				CLANG_WARN_EMPTY_BODY = YES;
				CLANG_WARN_ENUM_CONVERSION = YES;
				CLANG_WARN_INT_CONVERSION = YES;
				CLANG_WARN_OBJC_ROOT_CLASS = YES_ERROR;
				CLANG_WARN_UNREACHABLE_CODE = YES;
				CLANG_WARN__DUPLICATE_METHOD_MATCH = YES;
				COPY_PHASE_STRIP = NO;
				ENABLE_NS_ASSERTIONS = NO;
				ENABLE_STRICT_OBJC_MSGSEND = YES;
				GCC_C_LANGUAGE_STANDARD = gnu99;
				GCC_NO_COMMON_BLOCKS = YES;
				GCC_WARN_64_TO_32_BIT_CONVERSION = YES;
				GCC_WARN_ABOUT_RETURN_TYPE = YES_ERROR;
				GCC_WARN_UNDECLARED_SELECTOR = YES;
				GCC_WARN_UNINITIALIZED_AUTOS = YES_AGGRESSIVE;
				GCC_WARN_UNUSED_FUNCTION = YES;
				GCC_WARN_UNUSED_VARIABLE = YES;
				MTL_ENABLE_DEBUG_INFO = NO;
			};
			name = Release;
		};
		18194CBA1B169D94007A3FB0 /* Debug */ = {
			isa = XCBuildConfiguration;
			buildSettings = {
				COMBINE_HIDPI_IMAGES = YES;
				DEPLOYMENT_LOCATION = YES;
				DSTROOT = "$(HOME)";
				INFOPLIST_FILE = ATProperty/Info.plist;
				INSTALL_PATH = "/Library/Application Support/Developer/Shared/Xcode/Plug-ins";
				MACOSX_DEPLOYMENT_TARGET = 10.10;
				PRODUCT_NAME = "$(TARGET_NAME)";
				WRAPPER_EXTENSION = xcplugin;
			};
			name = Debug;
		};
		18194CBB1B169D94007A3FB0 /* Release */ = {
			isa = XCBuildConfiguration;
			buildSettings = {
				COMBINE_HIDPI_IMAGES = YES;
				DEPLOYMENT_LOCATION = YES;
				DSTROOT = "$(HOME)";
				INFOPLIST_FILE = ATProperty/Info.plist;
				INSTALL_PATH = "/Library/Application Support/Developer/Shared/Xcode/Plug-ins";
				MACOSX_DEPLOYMENT_TARGET = 10.10;
				PRODUCT_NAME = "$(TARGET_NAME)";
				WRAPPER_EXTENSION = xcplugin;
			};
			name = Release;
		};
/* End XCBuildConfiguration section */

/* Begin XCConfigurationList section */
		18194CA31B169D93007A3FB0 /* Build configuration list for PBXProject "ATProperty" */ = {
			isa = XCConfigurationList;
			buildConfigurations = (
				18194CB71B169D94007A3FB0 /* Debug */,
				18194CB81B169D94007A3FB0 /* Release */,
			);
			defaultConfigurationIsVisible = 0;
			defaultConfigurationName = Release;
		};
		18194CB91B169D94007A3FB0 /* Build configuration list for PBXNativeTarget "ATProperty" */ = {
			isa = XCConfigurationList;
			buildConfigurations = (
				18194CBA1B169D94007A3FB0 /* Debug */,
				18194CBB1B169D94007A3FB0 /* Release */,
			);
			defaultConfigurationIsVisible = 0;
			defaultConfigurationName = Release;
		};
/* End XCConfigurationList section */
	};
	rootObject = 18194CA01B169D93007A3FB0 /* Project object */;
}
